// !$*UTF8*$!
{
	archiveVersion = 1;
	classes = {
	};
	objectVersion = 46;
	objects = {

/* Begin PBXBuildFile section */
		5C247E121A0C823D008DA2BF /* TodayViewController.swift in Sources */ = {isa = PBXBuildFile; fileRef = 5C247E111A0C823D008DA2BF /* TodayViewController.swift */; };
		5C247E141A0C8256008DA2BF /* HistoryViewController.swift in Sources */ = {isa = PBXBuildFile; fileRef = 5C247E131A0C8256008DA2BF /* HistoryViewController.swift */; };
		5C64EBCB1A130D8E00E123D0 /* SettingsViewController.swift in Sources */ = {isa = PBXBuildFile; fileRef = 5C64EBCA1A130D8E00E123D0 /* SettingsViewController.swift */; };
		5C8907801A0C6B5000CAFECB /* AppDelegate.swift in Sources */ = {isa = PBXBuildFile; fileRef = 5C89077F1A0C6B5000CAFECB /* AppDelegate.swift */; };
		5C8907851A0C6B5000CAFECB /* Main.storyboard in Resources */ = {isa = PBXBuildFile; fileRef = 5C8907831A0C6B5000CAFECB /* Main.storyboard */; };
		5C8907871A0C6B5000CAFECB /* Images.xcassets in Resources */ = {isa = PBXBuildFile; fileRef = 5C8907861A0C6B5000CAFECB /* Images.xcassets */; };
		5C89078A1A0C6B5000CAFECB /* LaunchScreen.xib in Resources */ = {isa = PBXBuildFile; fileRef = 5C8907881A0C6B5000CAFECB /* LaunchScreen.xib */; };
		5C8907961A0C6B5000CAFECB /* TrackerTeamBTests.swift in Sources */ = {isa = PBXBuildFile; fileRef = 5C8907951A0C6B5000CAFECB /* TrackerTeamBTests.swift */; };
		5C8907A11A0C6BC900CAFECB /* CloudKit.framework in Frameworks */ = {isa = PBXBuildFile; fileRef = 5C8907A01A0C6BC900CAFECB /* CloudKit.framework */; };
		5CBAAD8B1A1E7A5A00CDDBE9 /* TrackerDataX.swift in Sources */ = {isa = PBXBuildFile; fileRef = 5CBAAD8A1A1E7A5A00CDDBE9 /* TrackerDataX.swift */; };
		5CBAAD8D1A1EAB0B00CDDBE9 /* plusbutton.png in Resources */ = {isa = PBXBuildFile; fileRef = 5CBAAD8C1A1EAB0B00CDDBE9 /* plusbutton.png */; };
		5CD279FD1A1EB9DF002D862F /* EditTableViewController.swift in Sources */ = {isa = PBXBuildFile; fileRef = 5CD279FC1A1EB9DF002D862F /* EditTableViewController.swift */; };
		5CD27A031A1ECF86002D862F /* TrackerData.swift in Sources */ = {isa = PBXBuildFile; fileRef = 5CD27A021A1ECF86002D862F /* TrackerData.swift */; };
/* End PBXBuildFile section */

/* Begin PBXContainerItemProxy section */
		5C8907901A0C6B5000CAFECB /* PBXContainerItemProxy */ = {
			isa = PBXContainerItemProxy;
			containerPortal = 5C8907721A0C6B4F00CAFECB /* Project object */;
			proxyType = 1;
			remoteGlobalIDString = 5C8907791A0C6B5000CAFECB;
			remoteInfo = TrackerTeamB;
		};
/* End PBXContainerItemProxy section */

/* Begin PBXFileReference section */
		5C247E111A0C823D008DA2BF /* TodayViewController.swift */ = {isa = PBXFileReference; fileEncoding = 4; lastKnownFileType = sourcecode.swift; path = TodayViewController.swift; sourceTree = "<group>"; };
		5C247E131A0C8256008DA2BF /* HistoryViewController.swift */ = {isa = PBXFileReference; fileEncoding = 4; lastKnownFileType = sourcecode.swift; path = HistoryViewController.swift; sourceTree = "<group>"; };
		5C64EBCA1A130D8E00E123D0 /* SettingsViewController.swift */ = {isa = PBXFileReference; fileEncoding = 4; lastKnownFileType = sourcecode.swift; path = SettingsViewController.swift; sourceTree = "<group>"; };
		5C89077A1A0C6B5000CAFECB /* TrackerTeamB.app */ = {isa = PBXFileReference; explicitFileType = wrapper.application; includeInIndex = 0; path = TrackerTeamB.app; sourceTree = BUILT_PRODUCTS_DIR; };
		5C89077E1A0C6B5000CAFECB /* Info.plist */ = {isa = PBXFileReference; lastKnownFileType = text.plist.xml; path = Info.plist; sourceTree = "<group>"; };
		5C89077F1A0C6B5000CAFECB /* AppDelegate.swift */ = {isa = PBXFileReference; lastKnownFileType = sourcecode.swift; path = AppDelegate.swift; sourceTree = "<group>"; };
		5C8907841A0C6B5000CAFECB /* Base */ = {isa = PBXFileReference; lastKnownFileType = file.storyboard; name = Base; path = Base.lproj/Main.storyboard; sourceTree = "<group>"; };
		5C8907861A0C6B5000CAFECB /* Images.xcassets */ = {isa = PBXFileReference; lastKnownFileType = folder.assetcatalog; path = Images.xcassets; sourceTree = "<group>"; };
		5C8907891A0C6B5000CAFECB /* Base */ = {isa = PBXFileReference; lastKnownFileType = file.xib; name = Base; path = Base.lproj/LaunchScreen.xib; sourceTree = "<group>"; };
		5C89078F1A0C6B5000CAFECB /* TrackerTeamBTests.xctest */ = {isa = PBXFileReference; explicitFileType = wrapper.cfbundle; includeInIndex = 0; path = TrackerTeamBTests.xctest; sourceTree = BUILT_PRODUCTS_DIR; };
		5C8907941A0C6B5000CAFECB /* Info.plist */ = {isa = PBXFileReference; lastKnownFileType = text.plist.xml; path = Info.plist; sourceTree = "<group>"; };
		5C8907951A0C6B5000CAFECB /* TrackerTeamBTests.swift */ = {isa = PBXFileReference; lastKnownFileType = sourcecode.swift; path = TrackerTeamBTests.swift; sourceTree = "<group>"; };
		5C89079F1A0C6BC700CAFECB /* TrackerTeamB.entitlements */ = {isa = PBXFileReference; lastKnownFileType = text.xml; path = TrackerTeamB.entitlements; sourceTree = "<group>"; };
		5C8907A01A0C6BC900CAFECB /* CloudKit.framework */ = {isa = PBXFileReference; lastKnownFileType = wrapper.framework; name = CloudKit.framework; path = System/Library/Frameworks/CloudKit.framework; sourceTree = SDKROOT; };
		5CBAAD8A1A1E7A5A00CDDBE9 /* TrackerDataX.swift */ = {isa = PBXFileReference; fileEncoding = 4; lastKnownFileType = sourcecode.swift; path = TrackerDataX.swift; sourceTree = "<group>"; };
		5CBAAD8C1A1EAB0B00CDDBE9 /* plusbutton.png */ = {isa = PBXFileReference; lastKnownFileType = image.png; name = plusbutton.png; path = ../../../../plusbutton.png; sourceTree = "<group>"; };
		5CD279FC1A1EB9DF002D862F /* EditTableViewController.swift */ = {isa = PBXFileReference; fileEncoding = 4; lastKnownFileType = sourcecode.swift; path = EditTableViewController.swift; sourceTree = "<group>"; };
		5CD27A021A1ECF86002D862F /* TrackerData.swift */ = {isa = PBXFileReference; fileEncoding = 4; lastKnownFileType = sourcecode.swift; path = TrackerData.swift; sourceTree = "<group>"; };
/* End PBXFileReference section */

/* Begin PBXFrameworksBuildPhase section */
		5C8907771A0C6B5000CAFECB /* Frameworks */ = {
			isa = PBXFrameworksBuildPhase;
			buildActionMask = 2147483647;
			files = (
				5C8907A11A0C6BC900CAFECB /* CloudKit.framework in Frameworks */,
			);
			runOnlyForDeploymentPostprocessing = 0;
		};
		5C89078C1A0C6B5000CAFECB /* Frameworks */ = {
			isa = PBXFrameworksBuildPhase;
			buildActionMask = 2147483647;
			files = (
			);
			runOnlyForDeploymentPostprocessing = 0;
		};
/* End PBXFrameworksBuildPhase section */

/* Begin PBXGroup section */
		5C8907711A0C6B4F00CAFECB = {
			isa = PBXGroup;
			children = (
				5C8907A01A0C6BC900CAFECB /* CloudKit.framework */,
				5C89077C1A0C6B5000CAFECB /* TrackerTeamB */,
				5C8907921A0C6B5000CAFECB /* TrackerTeamBTests */,
				5C89077B1A0C6B5000CAFECB /* Products */,
			);
			sourceTree = "<group>";
		};
		5C89077B1A0C6B5000CAFECB /* Products */ = {
			isa = PBXGroup;
			children = (
				5C89077A1A0C6B5000CAFECB /* TrackerTeamB.app */,
				5C89078F1A0C6B5000CAFECB /* TrackerTeamBTests.xctest */,
			);
			name = Products;
			sourceTree = "<group>";
		};
		5C89077C1A0C6B5000CAFECB /* TrackerTeamB */ = {
			isa = PBXGroup;
			children = (
				5CBAAD871A1E78A600CDDBE9 /* Model */,
				5C89079F1A0C6BC700CAFECB /* TrackerTeamB.entitlements */,
				5C247E111A0C823D008DA2BF /* TodayViewController.swift */,
				5C64EBCA1A130D8E00E123D0 /* SettingsViewController.swift */,
				5C247E131A0C8256008DA2BF /* HistoryViewController.swift */,
				5CD279FC1A1EB9DF002D862F /* EditTableViewController.swift */,
				5C89077F1A0C6B5000CAFECB /* AppDelegate.swift */,
				5C8907831A0C6B5000CAFECB /* Main.storyboard */,
				5C8907861A0C6B5000CAFECB /* Images.xcassets */,
				5C8907881A0C6B5000CAFECB /* LaunchScreen.xib */,
				5C89077D1A0C6B5000CAFECB /* Supporting Files */,
			);
			path = TrackerTeamB;
			sourceTree = "<group>";
		};
		5C89077D1A0C6B5000CAFECB /* Supporting Files */ = {
			isa = PBXGroup;
			children = (
				5CBAAD8C1A1EAB0B00CDDBE9 /* plusbutton.png */,
				5C89077E1A0C6B5000CAFECB /* Info.plist */,
			);
			name = "Supporting Files";
			sourceTree = "<group>";
		};
		5C8907921A0C6B5000CAFECB /* TrackerTeamBTests */ = {
			isa = PBXGroup;
			children = (
				5C8907951A0C6B5000CAFECB /* TrackerTeamBTests.swift */,
				5C8907931A0C6B5000CAFECB /* Supporting Files */,
			);
			path = TrackerTeamBTests;
			sourceTree = "<group>";
		};
		5C8907931A0C6B5000CAFECB /* Supporting Files */ = {
			isa = PBXGroup;
			children = (
				5C8907941A0C6B5000CAFECB /* Info.plist */,
			);
			name = "Supporting Files";
			sourceTree = "<group>";
		};
		5CBAAD871A1E78A600CDDBE9 /* Model */ = {
			isa = PBXGroup;
			children = (
				5CBAAD8A1A1E7A5A00CDDBE9 /* TrackerDataX.swift */,
				5CD27A021A1ECF86002D862F /* TrackerData.swift */,
			);
			name = Model;
			sourceTree = "<group>";
		};
/* End PBXGroup section */

/* Begin PBXNativeTarget section */
		5C8907791A0C6B5000CAFECB /* TrackerTeamB */ = {
			isa = PBXNativeTarget;
			buildConfigurationList = 5C8907991A0C6B5000CAFECB /* Build configuration list for PBXNativeTarget "TrackerTeamB" */;
			buildPhases = (
				5C8907761A0C6B5000CAFECB /* Sources */,
				5C8907771A0C6B5000CAFECB /* Frameworks */,
				5C8907781A0C6B5000CAFECB /* Resources */,
			);
			buildRules = (
			);
			dependencies = (
			);
			name = TrackerTeamB;
			productName = TrackerTeamB;
			productReference = 5C89077A1A0C6B5000CAFECB /* TrackerTeamB.app */;
			productType = "com.apple.product-type.application";
		};
		5C89078E1A0C6B5000CAFECB /* TrackerTeamBTests */ = {
			isa = PBXNativeTarget;
			buildConfigurationList = 5C89079C1A0C6B5000CAFECB /* Build configuration list for PBXNativeTarget "TrackerTeamBTests" */;
			buildPhases = (
				5C89078B1A0C6B5000CAFECB /* Sources */,
				5C89078C1A0C6B5000CAFECB /* Frameworks */,
				5C89078D1A0C6B5000CAFECB /* Resources */,
			);
			buildRules = (
			);
			dependencies = (
				5C8907911A0C6B5000CAFECB /* PBXTargetDependency */,
			);
			name = TrackerTeamBTests;
			productName = TrackerTeamBTests;
			productReference = 5C89078F1A0C6B5000CAFECB /* TrackerTeamBTests.xctest */;
			productType = "com.apple.product-type.bundle.unit-test";
		};
/* End PBXNativeTarget section */

/* Begin PBXProject section */
		5C8907721A0C6B4F00CAFECB /* Project object */ = {
			isa = PBXProject;
			attributes = {
				LastUpgradeCheck = 0610;
				ORGANIZATIONNAME = "Madison DeHart";
				TargetAttributes = {
					5C8907791A0C6B5000CAFECB = {
						CreatedOnToolsVersion = 6.1;
						DevelopmentTeam = 4FNJNUQ3AD;
						SystemCapabilities = {
							com.apple.iCloud = {
								enabled = 1;
							};
						};
					};
					5C89078E1A0C6B5000CAFECB = {
						CreatedOnToolsVersion = 6.1;
						TestTargetID = 5C8907791A0C6B5000CAFECB;
					};
				};
			};
			buildConfigurationList = 5C8907751A0C6B4F00CAFECB /* Build configuration list for PBXProject "TrackerTeamB" */;
			compatibilityVersion = "Xcode 3.2";
			developmentRegion = English;
			hasScannedForEncodings = 0;
			knownRegions = (
				en,
				Base,
			);
			mainGroup = 5C8907711A0C6B4F00CAFECB;
			productRefGroup = 5C89077B1A0C6B5000CAFECB /* Products */;
			projectDirPath = "";
			projectRoot = "";
			targets = (
				5C8907791A0C6B5000CAFECB /* TrackerTeamB */,
				5C89078E1A0C6B5000CAFECB /* TrackerTeamBTests */,
			);
		};
/* End PBXProject section */

/* Begin PBXResourcesBuildPhase section */
		5C8907781A0C6B5000CAFECB /* Resources */ = {
			isa = PBXResourcesBuildPhase;
			buildActionMask = 2147483647;
			files = (
				5C8907851A0C6B5000CAFECB /* Main.storyboard in Resources */,
				5CBAAD8D1A1EAB0B00CDDBE9 /* plusbutton.png in Resources */,
				5C89078A1A0C6B5000CAFECB /* LaunchScreen.xib in Resources */,
				5C8907871A0C6B5000CAFECB /* Images.xcassets in Resources */,
			);
			runOnlyForDeploymentPostprocessing = 0;
		};
		5C89078D1A0C6B5000CAFECB /* Resources */ = {
			isa = PBXResourcesBuildPhase;
			buildActionMask = 2147483647;
			files = (
			);
			runOnlyForDeploymentPostprocessing = 0;
		};
/* End PBXResourcesBuildPhase section */

/* Begin PBXSourcesBuildPhase section */
		5C8907761A0C6B5000CAFECB /* Sources */ = {
			isa = PBXSourcesBuildPhase;
			buildActionMask = 2147483647;
			files = (
				5C8907801A0C6B5000CAFECB /* AppDelegate.swift in Sources */,
				5CD279FD1A1EB9DF002D862F /* EditTableViewController.swift in Sources */,
				5C247E121A0C823D008DA2BF /* TodayViewController.swift in Sources */,
				5C247E141A0C8256008DA2BF /* HistoryViewController.swift in Sources */,
				5C64EBCB1A130D8E00E123D0 /* SettingsViewController.swift in Sources */,
				5CBAAD8B1A1E7A5A00CDDBE9 /* TrackerDataX.swift in Sources */,
				5CD27A031A1ECF86002D862F /* TrackerData.swift in Sources */,
			);
			runOnlyForDeploymentPostprocessing = 0;
		};
		5C89078B1A0C6B5000CAFECB /* Sources */ = {
			isa = PBXSourcesBuildPhase;
			buildActionMask = 2147483647;
			files = (
				5C8907961A0C6B5000CAFECB /* TrackerTeamBTests.swift in Sources */,
			);
			runOnlyForDeploymentPostprocessing = 0;
		};
/* End PBXSourcesBuildPhase section */

/* Begin PBXTargetDependency section */
		5C8907911A0C6B5000CAFECB /* PBXTargetDependency */ = {
			isa = PBXTargetDependency;
			target = 5C8907791A0C6B5000CAFECB /* TrackerTeamB */;
			targetProxy = 5C8907901A0C6B5000CAFECB /* PBXContainerItemProxy */;
		};
/* End PBXTargetDependency section */

/* Begin PBXVariantGroup section */
		5C8907831A0C6B5000CAFECB /* Main.storyboard */ = {
			isa = PBXVariantGroup;
			children = (
				5C8907841A0C6B5000CAFECB /* Base */,
			);
			name = Main.storyboard;
			sourceTree = "<group>";
		};
		5C8907881A0C6B5000CAFECB /* LaunchScreen.xib */ = {
			isa = PBXVariantGroup;
			children = (
				5C8907891A0C6B5000CAFECB /* Base */,
			);
			name = LaunchScreen.xib;
			sourceTree = "<group>";
		};
/* End PBXVariantGroup section */

/* Begin XCBuildConfiguration section */
		5C8907971A0C6B5000CAFECB /* Debug */ = {
			isa = XCBuildConfiguration;
			buildSettings = {
				ALWAYS_SEARCH_USER_PATHS = NO;
				CLANG_CXX_LANGUAGE_STANDARD = "gnu++0x";
				CLANG_CXX_LIBRARY = "libc++";
				CLANG_ENABLE_MODULES = YES;
				CLANG_ENABLE_OBJC_ARC = YES;
				CLANG_WARN_BOOL_CONVERSION = YES;
				CLANG_WARN_CONSTANT_CONVERSION = YES;
				CLANG_WARN_DIRECT_OBJC_ISA_USAGE = YES_ERROR;
				CLANG_WARN_EMPTY_BODY = YES;
				CLANG_WARN_ENUM_CONVERSION = YES;
				CLANG_WARN_INT_CONVERSION = YES;
				CLANG_WARN_OBJC_ROOT_CLASS = YES_ERROR;
				CLANG_WARN_UNREACHABLE_CODE = YES;
				CLANG_WARN__DUPLICATE_METHOD_MATCH = YES;
				"CODE_SIGN_IDENTITY[sdk=iphoneos*]" = "iPhone Developer: Tyten Teegarden (X775KZY6MM)";
				COPY_PHASE_STRIP = NO;
				ENABLE_STRICT_OBJC_MSGSEND = YES;
				GCC_C_LANGUAGE_STANDARD = gnu99;
				GCC_DYNAMIC_NO_PIC = NO;
				GCC_OPTIMIZATION_LEVEL = 0;
				GCC_PREPROCESSOR_DEFINITIONS = (
					"DEBUG=1",
					"$(inherited)",
				);
				GCC_SYMBOLS_PRIVATE_EXTERN = NO;
				GCC_WARN_64_TO_32_BIT_CONVERSION = YES;
				GCC_WARN_ABOUT_RETURN_TYPE = YES_ERROR;
				GCC_WARN_UNDECLARED_SELECTOR = YES;
				GCC_WARN_UNINITIALIZED_AUTOS = YES_AGGRESSIVE;
				GCC_WARN_UNUSED_FUNCTION = YES;
				GCC_WARN_UNUSED_VARIABLE = YES;
				IPHONEOS_DEPLOYMENT_TARGET = 8.1;
				MTL_ENABLE_DEBUG_INFO = YES;
				ONLY_ACTIVE_ARCH = YES;
				SDKROOT = iphoneos;
				SWIFT_OPTIMIZATION_LEVEL = "-Onone";
			};
			name = Debug;
		};
		5C8907981A0C6B5000CAFECB /* Release */ = {
			isa = XCBuildConfiguration;
			buildSettings = {
				ALWAYS_SEARCH_USER_PATHS = NO;
				CLANG_CXX_LANGUAGE_STANDARD = "gnu++0x";
				CLANG_CXX_LIBRARY = "libc++";
				CLANG_ENABLE_MODULES = YES;
				CLANG_ENABLE_OBJC_ARC = YES;
				CLANG_WARN_BOOL_CONVERSION = YES;
				CLANG_WARN_CONSTANT_CONVERSION = YES;
				CLANG_WARN_DIRECT_OBJC_ISA_USAGE = YES_ERROR;
				CLANG_WARN_EMPTY_BODY = YES;
				CLANG_WARN_ENUM_CONVERSION = YES;
				CLANG_WARN_INT_CONVERSION = YES;
				CLANG_WARN_OBJC_ROOT_CLASS = YES_ERROR;
				CLANG_WARN_UNREACHABLE_CODE = YES;
				CLANG_WARN__DUPLICATE_METHOD_MATCH = YES;
				"CODE_SIGN_IDENTITY[sdk=iphoneos*]" = "iPhone Developer";
				COPY_PHASE_STRIP = YES;
				ENABLE_NS_ASSERTIONS = NO;
				ENABLE_STRICT_OBJC_MSGSEND = YES;
				GCC_C_LANGUAGE_STANDARD = gnu99;
				GCC_WARN_64_TO_32_BIT_CONVERSION = YES;
				GCC_WARN_ABOUT_RETURN_TYPE = YES_ERROR;
				GCC_WARN_UNDECLARED_SELECTOR = YES;
				GCC_WARN_UNINITIALIZED_AUTOS = YES_AGGRESSIVE;
				GCC_WARN_UNUSED_FUNCTION = YES;
				GCC_WARN_UNUSED_VARIABLE = YES;
				IPHONEOS_DEPLOYMENT_TARGET = 8.1;
				MTL_ENABLE_DEBUG_INFO = NO;
				SDKROOT = iphoneos;
				VALIDATE_PRODUCT = YES;
			};
			name = Release;
		};
		5C89079A1A0C6B5000CAFECB /* Debug */ = {
			isa = XCBuildConfiguration;
			buildSettings = {
				ASSETCATALOG_COMPILER_APPICON_NAME = AppIcon;
				CODE_SIGN_ENTITLEMENTS = TrackerTeamB/TrackerTeamB.entitlements;
				CODE_SIGN_IDENTITY = "iPhone Developer";
				"CODE_SIGN_IDENTITY[sdk=iphoneos*]" = "iPhone Developer";
				INFOPLIST_FILE = TrackerTeamB/Info.plist;
				LD_RUNPATH_SEARCH_PATHS = "$(inherited) @executable_path/Frameworks";
				PRODUCT_NAME = "$(TARGET_NAME)";
				PROVISIONING_PROFILE = "";
			};
			name = Debug;
		};
		5C89079B1A0C6B5000CAFECB /* Release */ = {
			isa = XCBuildConfiguration;
			buildSettings = {
				ASSETCATALOG_COMPILER_APPICON_NAME = AppIcon;
				CODE_SIGN_ENTITLEMENTS = TrackerTeamB/TrackerTeamB.entitlements;
				CODE_SIGN_IDENTITY = "iPhone Developer";
				"CODE_SIGN_IDENTITY[sdk=iphoneos*]" = "iPhone Developer";
				INFOPLIST_FILE = TrackerTeamB/Info.plist;
				LD_RUNPATH_SEARCH_PATHS = "$(inherited) @executable_path/Frameworks";
				PRODUCT_NAME = "$(TARGET_NAME)";
				PROVISIONING_PROFILE = "";
			};
			name = Release;
		};
		5C89079D1A0C6B5000CAFECB /* Debug */ = {
			isa = XCBuildConfiguration;
			buildSettings = {
				BUNDLE_LOADER = "$(TEST_HOST)";
				FRAMEWORK_SEARCH_PATHS = (
					"$(SDKROOT)/Developer/Library/Frameworks",
					"$(inherited)",
				);
				GCC_PREPROCESSOR_DEFINITIONS = (
					"DEBUG=1",
					"$(inherited)",
				);
				INFOPLIST_FILE = TrackerTeamBTests/Info.plist;
				LD_RUNPATH_SEARCH_PATHS = "$(inherited) @executable_path/Frameworks @loader_path/Frameworks";
				PRODUCT_NAME = "$(TARGET_NAME)";
				TEST_HOST = "$(BUILT_PRODUCTS_DIR)/TrackerTeamB.app/TrackerTeamB";
			};
			name = Debug;
		};
		5C89079E1A0C6B5000CAFECB /* Release */ = {
			isa = XCBuildConfiguration;
			buildSettings = {
				BUNDLE_LOADER = "$(TEST_HOST)";
				FRAMEWORK_SEARCH_PATHS = (
					"$(SDKROOT)/Developer/Library/Frameworks",
					"$(inherited)",
				);
				INFOPLIST_FILE = TrackerTeamBTests/Info.plist;
				LD_RUNPATH_SEARCH_PATHS = "$(inherited) @executable_path/Frameworks @loader_path/Frameworks";
				PRODUCT_NAME = "$(TARGET_NAME)";
				TEST_HOST = "$(BUILT_PRODUCTS_DIR)/TrackerTeamB.app/TrackerTeamB";
			};
			name = Release;
		};
/* End XCBuildConfiguration section */

/* Begin XCConfigurationList section */
		5C8907751A0C6B4F00CAFECB /* Build configuration list for PBXProject "TrackerTeamB" */ = {
			isa = XCConfigurationList;
			buildConfigurations = (
				5C8907971A0C6B5000CAFECB /* Debug */,
				5C8907981A0C6B5000CAFECB /* Release */,
			);
			defaultConfigurationIsVisible = 0;
			defaultConfigurationName = Release;
		};
		5C8907991A0C6B5000CAFECB /* Build configuration list for PBXNativeTarget "TrackerTeamB" */ = {
			isa = XCConfigurationList;
			buildConfigurations = (
				5C89079A1A0C6B5000CAFECB /* Debug */,
				5C89079B1A0C6B5000CAFECB /* Release */,
			);
			defaultConfigurationIsVisible = 0;
			defaultConfigurationName = Release;
		};
		5C89079C1A0C6B5000CAFECB /* Build configuration list for PBXNativeTarget "TrackerTeamBTests" */ = {
			isa = XCConfigurationList;
			buildConfigurations = (
				5C89079D1A0C6B5000CAFECB /* Debug */,
				5C89079E1A0C6B5000CAFECB /* Release */,
			);
			defaultConfigurationIsVisible = 0;
			defaultConfigurationName = Release;
		};
/* End XCConfigurationList section */
	};
	rootObject = 5C8907721A0C6B4F00CAFECB /* Project object */;
}
