// !$*UTF8*$!
{
	archiveVersion = 1;
	classes = {
	};
	objectVersion = 46;
	objects = {

/* Begin PBXBuildFile section */
		5C52380A1A10723A00625920 /* AppDelegate.swift in Sources */ = {isa = PBXBuildFile; fileRef = 5C5238091A10723A00625920 /* AppDelegate.swift */; };
		5C52380C1A10723A00625920 /* ViewController.swift in Sources */ = {isa = PBXBuildFile; fileRef = 5C52380B1A10723A00625920 /* ViewController.swift */; };
		5C52380F1A10723A00625920 /* Main.storyboard in Resources */ = {isa = PBXBuildFile; fileRef = 5C52380D1A10723A00625920 /* Main.storyboard */; };
		5C5238111A10723A00625920 /* Images.xcassets in Resources */ = {isa = PBXBuildFile; fileRef = 5C5238101A10723A00625920 /* Images.xcassets */; };
		5C5238141A10723A00625920 /* LaunchScreen.xib in Resources */ = {isa = PBXBuildFile; fileRef = 5C5238121A10723A00625920 /* LaunchScreen.xib */; };
		5C5238201A10723A00625920 /* testSegmentedViewTests.swift in Sources */ = {isa = PBXBuildFile; fileRef = 5C52381F1A10723A00625920 /* testSegmentedViewTests.swift */; };
/* End PBXBuildFile section */

/* Begin PBXContainerItemProxy section */
		5C52381A1A10723A00625920 /* PBXContainerItemProxy */ = {
			isa = PBXContainerItemProxy;
			containerPortal = 5C5237FC1A10723A00625920 /* Project object */;
			proxyType = 1;
			remoteGlobalIDString = 5C5238031A10723A00625920;
			remoteInfo = testSegmentedView;
		};
/* End PBXContainerItemProxy section */

/* Begin PBXFileReference section */
		5C5238041A10723A00625920 /* testSegmentedView.app */ = {isa = PBXFileReference; explicitFileType = wrapper.application; includeInIndex = 0; path = testSegmentedView.app; sourceTree = BUILT_PRODUCTS_DIR; };
		5C5238081A10723A00625920 /* Info.plist */ = {isa = PBXFileReference; lastKnownFileType = text.plist.xml; path = Info.plist; sourceTree = "<group>"; };
		5C5238091A10723A00625920 /* AppDelegate.swift */ = {isa = PBXFileReference; lastKnownFileType = sourcecode.swift; path = AppDelegate.swift; sourceTree = "<group>"; };
		5C52380B1A10723A00625920 /* ViewController.swift */ = {isa = PBXFileReference; lastKnownFileType = sourcecode.swift; path = ViewController.swift; sourceTree = "<group>"; };
		5C52380E1A10723A00625920 /* Base */ = {isa = PBXFileReference; lastKnownFileType = file.storyboard; name = Base; path = Base.lproj/Main.storyboard; sourceTree = "<group>"; };
		5C5238101A10723A00625920 /* Images.xcassets */ = {isa = PBXFileReference; lastKnownFileType = folder.assetcatalog; path = Images.xcassets; sourceTree = "<group>"; };
		5C5238131A10723A00625920 /* Base */ = {isa = PBXFileReference; lastKnownFileType = file.xib; name = Base; path = Base.lproj/LaunchScreen.xib; sourceTree = "<group>"; };
		5C5238191A10723A00625920 /* testSegmentedViewTests.xctest */ = {isa = PBXFileReference; explicitFileType = wrapper.cfbundle; includeInIndex = 0; path = testSegmentedViewTests.xctest; sourceTree = BUILT_PRODUCTS_DIR; };
		5C52381E1A10723A00625920 /* Info.plist */ = {isa = PBXFileReference; lastKnownFileType = text.plist.xml; path = Info.plist; sourceTree = "<group>"; };
		5C52381F1A10723A00625920 /* testSegmentedViewTests.swift */ = {isa = PBXFileReference; lastKnownFileType = sourcecode.swift; path = testSegmentedViewTests.swift; sourceTree = "<group>"; };
/* End PBXFileReference section */

/* Begin PBXFrameworksBuildPhase section */
		5C5238011A10723A00625920 /* Frameworks */ = {
			isa = PBXFrameworksBuildPhase;
			buildActionMask = 2147483647;
			files = (
			);
			runOnlyForDeploymentPostprocessing = 0;
		};
		5C5238161A10723A00625920 /* Frameworks */ = {
			isa = PBXFrameworksBuildPhase;
			buildActionMask = 2147483647;
			files = (
			);
			runOnlyForDeploymentPostprocessing = 0;
		};
/* End PBXFrameworksBuildPhase section */

/* Begin PBXGroup section */
		5C5237FB1A10723900625920 = {
			isa = PBXGroup;
			children = (
				5C5238061A10723A00625920 /* testSegmentedView */,
				5C52381C1A10723A00625920 /* testSegmentedViewTests */,
				5C5238051A10723A00625920 /* Products */,
			);
			sourceTree = "<group>";
		};
		5C5238051A10723A00625920 /* Products */ = {
			isa = PBXGroup;
			children = (
				5C5238041A10723A00625920 /* testSegmentedView.app */,
				5C5238191A10723A00625920 /* testSegmentedViewTests.xctest */,
			);
			name = Products;
			sourceTree = "<group>";
		};
		5C5238061A10723A00625920 /* testSegmentedView */ = {
			isa = PBXGroup;
			children = (
				5C5238091A10723A00625920 /* AppDelegate.swift */,
				5C52380B1A10723A00625920 /* ViewController.swift */,
				5C52380D1A10723A00625920 /* Main.storyboard */,
				5C5238101A10723A00625920 /* Images.xcassets */,
				5C5238121A10723A00625920 /* LaunchScreen.xib */,
				5C5238071A10723A00625920 /* Supporting Files */,
			);
			path = testSegmentedView;
			sourceTree = "<group>";
		};
		5C5238071A10723A00625920 /* Supporting Files */ = {
			isa = PBXGroup;
			children = (
				5C5238081A10723A00625920 /* Info.plist */,
			);
			name = "Supporting Files";
			sourceTree = "<group>";
		};
		5C52381C1A10723A00625920 /* testSegmentedViewTests */ = {
			isa = PBXGroup;
			children = (
				5C52381F1A10723A00625920 /* testSegmentedViewTests.swift */,
				5C52381D1A10723A00625920 /* Supporting Files */,
			);
			path = testSegmentedViewTests;
			sourceTree = "<group>";
		};
		5C52381D1A10723A00625920 /* Supporting Files */ = {
			isa = PBXGroup;
			children = (
				5C52381E1A10723A00625920 /* Info.plist */,
			);
			name = "Supporting Files";
			sourceTree = "<group>";
		};
/* End PBXGroup section */

/* Begin PBXNativeTarget section */
		5C5238031A10723A00625920 /* testSegmentedView */ = {
			isa = PBXNativeTarget;
			buildConfigurationList = 5C5238231A10723A00625920 /* Build configuration list for PBXNativeTarget "testSegmentedView" */;
			buildPhases = (
				5C5238001A10723A00625920 /* Sources */,
				5C5238011A10723A00625920 /* Frameworks */,
				5C5238021A10723A00625920 /* Resources */,
			);
			buildRules = (
			);
			dependencies = (
			);
			name = testSegmentedView;
			productName = testSegmentedView;
			productReference = 5C5238041A10723A00625920 /* testSegmentedView.app */;
			productType = "com.apple.product-type.application";
		};
		5C5238181A10723A00625920 /* testSegmentedViewTests */ = {
			isa = PBXNativeTarget;
			buildConfigurationList = 5C5238261A10723A00625920 /* Build configuration list for PBXNativeTarget "testSegmentedViewTests" */;
			buildPhases = (
				5C5238151A10723A00625920 /* Sources */,
				5C5238161A10723A00625920 /* Frameworks */,
				5C5238171A10723A00625920 /* Resources */,
			);
			buildRules = (
			);
			dependencies = (
				5C52381B1A10723A00625920 /* PBXTargetDependency */,
			);
			name = testSegmentedViewTests;
			productName = testSegmentedViewTests;
			productReference = 5C5238191A10723A00625920 /* testSegmentedViewTests.xctest */;
			productType = "com.apple.product-type.bundle.unit-test";
		};
/* End PBXNativeTarget section */

/* Begin PBXProject section */
		5C5237FC1A10723A00625920 /* Project object */ = {
			isa = PBXProject;
			attributes = {
				LastUpgradeCheck = 0610;
				ORGANIZATIONNAME = "Madison DeHart";
				TargetAttributes = {
					5C5238031A10723A00625920 = {
						CreatedOnToolsVersion = 6.1;
					};
					5C5238181A10723A00625920 = {
						CreatedOnToolsVersion = 6.1;
						TestTargetID = 5C5238031A10723A00625920;
					};
				};
			};
			buildConfigurationList = 5C5237FF1A10723A00625920 /* Build configuration list for PBXProject "testSegmentedView" */;
			compatibilityVersion = "Xcode 3.2";
			developmentRegion = English;
			hasScannedForEncodings = 0;
			knownRegions = (
				en,
				Base,
			);
			mainGroup = 5C5237FB1A10723900625920;
			productRefGroup = 5C5238051A10723A00625920 /* Products */;
			projectDirPath = "";
			projectRoot = "";
			targets = (
				5C5238031A10723A00625920 /* testSegmentedView */,
				5C5238181A10723A00625920 /* testSegmentedViewTests */,
			);
		};
/* End PBXProject section */

/* Begin PBXResourcesBuildPhase section */
		5C5238021A10723A00625920 /* Resources */ = {
			isa = PBXResourcesBuildPhase;
			buildActionMask = 2147483647;
			files = (
				5C52380F1A10723A00625920 /* Main.storyboard in Resources */,
				5C5238141A10723A00625920 /* LaunchScreen.xib in Resources */,
				5C5238111A10723A00625920 /* Images.xcassets in Resources */,
			);
			runOnlyForDeploymentPostprocessing = 0;
		};
		5C5238171A10723A00625920 /* Resources */ = {
			isa = PBXResourcesBuildPhase;
			buildActionMask = 2147483647;
			files = (
			);
			runOnlyForDeploymentPostprocessing = 0;
		};
/* End PBXResourcesBuildPhase section */

/* Begin PBXSourcesBuildPhase section */
		5C5238001A10723A00625920 /* Sources */ = {
			isa = PBXSourcesBuildPhase;
			buildActionMask = 2147483647;
			files = (
				5C52380C1A10723A00625920 /* ViewController.swift in Sources */,
				5C52380A1A10723A00625920 /* AppDelegate.swift in Sources */,
			);
			runOnlyForDeploymentPostprocessing = 0;
		};
		5C5238151A10723A00625920 /* Sources */ = {
			isa = PBXSourcesBuildPhase;
			buildActionMask = 2147483647;
			files = (
				5C5238201A10723A00625920 /* testSegmentedViewTests.swift in Sources */,
			);
			runOnlyForDeploymentPostprocessing = 0;
		};
/* End PBXSourcesBuildPhase section */

/* Begin PBXTargetDependency section */
		5C52381B1A10723A00625920 /* PBXTargetDependency */ = {
			isa = PBXTargetDependency;
			target = 5C5238031A10723A00625920 /* testSegmentedView */;
			targetProxy = 5C52381A1A10723A00625920 /* PBXContainerItemProxy */;
		};
/* End PBXTargetDependency section */

/* Begin PBXVariantGroup section */
		5C52380D1A10723A00625920 /* Main.storyboard */ = {
			isa = PBXVariantGroup;
			children = (
				5C52380E1A10723A00625920 /* Base */,
			);
			name = Main.storyboard;
			sourceTree = "<group>";
		};
		5C5238121A10723A00625920 /* LaunchScreen.xib */ = {
			isa = PBXVariantGroup;
			children = (
				5C5238131A10723A00625920 /* Base */,
			);
			name = LaunchScreen.xib;
			sourceTree = "<group>";
		};
/* End PBXVariantGroup section */

/* Begin XCBuildConfiguration section */
		5C5238211A10723A00625920 /* Debug */ = {
			isa = XCBuildConfiguration;
			buildSettings = {
				ALWAYS_SEARCH_USER_PATHS = NO;
				CLANG_CXX_LANGUAGE_STANDARD = "gnu++0x";
				CLANG_CXX_LIBRARY = "libc++";
				CLANG_ENABLE_MODULES = YES;
				CLANG_ENABLE_OBJC_ARC = YES;
				CLANG_WARN_BOOL_CONVERSION = YES;
				CLANG_WARN_CONSTANT_CONVERSION = YES;
				CLANG_WARN_DIRECT_OBJC_ISA_USAGE = YES_ERROR;
				CLANG_WARN_EMPTY_BODY = YES;
				CLANG_WARN_ENUM_CONVERSION = YES;
				CLANG_WARN_INT_CONVERSION = YES;
				CLANG_WARN_OBJC_ROOT_CLASS = YES_ERROR;
				CLANG_WARN_UNREACHABLE_CODE = YES;
				CLANG_WARN__DUPLICATE_METHOD_MATCH = YES;
				"CODE_SIGN_IDENTITY[sdk=iphoneos*]" = "iPhone Developer";
				COPY_PHASE_STRIP = NO;
				ENABLE_STRICT_OBJC_MSGSEND = YES;
				GCC_C_LANGUAGE_STANDARD = gnu99;
				GCC_DYNAMIC_NO_PIC = NO;
				GCC_OPTIMIZATION_LEVEL = 0;
				GCC_PREPROCESSOR_DEFINITIONS = (
					"DEBUG=1",
					"$(inherited)",
				);
				GCC_SYMBOLS_PRIVATE_EXTERN = NO;
				GCC_WARN_64_TO_32_BIT_CONVERSION = YES;
				GCC_WARN_ABOUT_RETURN_TYPE = YES_ERROR;
				GCC_WARN_UNDECLARED_SELECTOR = YES;
				GCC_WARN_UNINITIALIZED_AUTOS = YES_AGGRESSIVE;
				GCC_WARN_UNUSED_FUNCTION = YES;
				GCC_WARN_UNUSED_VARIABLE = YES;
				IPHONEOS_DEPLOYMENT_TARGET = 8.1;
				MTL_ENABLE_DEBUG_INFO = YES;
				ONLY_ACTIVE_ARCH = YES;
				SDKROOT = iphoneos;
				SWIFT_OPTIMIZATION_LEVEL = "-Onone";
			};
			name = Debug;
		};
		5C5238221A10723A00625920 /* Release */ = {
			isa = XCBuildConfiguration;
			buildSettings = {
				ALWAYS_SEARCH_USER_PATHS = NO;
				CLANG_CXX_LANGUAGE_STANDARD = "gnu++0x";
				CLANG_CXX_LIBRARY = "libc++";
				CLANG_ENABLE_MODULES = YES;
				CLANG_ENABLE_OBJC_ARC = YES;
				CLANG_WARN_BOOL_CONVERSION = YES;
				CLANG_WARN_CONSTANT_CONVERSION = YES;
				CLANG_WARN_DIRECT_OBJC_ISA_USAGE = YES_ERROR;
				CLANG_WARN_EMPTY_BODY = YES;
				CLANG_WARN_ENUM_CONVERSION = YES;
				CLANG_WARN_INT_CONVERSION = YES;
				CLANG_WARN_OBJC_ROOT_CLASS = YES_ERROR;
				CLANG_WARN_UNREACHABLE_CODE = YES;
				CLANG_WARN__DUPLICATE_METHOD_MATCH = YES;
				"CODE_SIGN_IDENTITY[sdk=iphoneos*]" = "iPhone Developer";
				COPY_PHASE_STRIP = YES;
				ENABLE_NS_ASSERTIONS = NO;
				ENABLE_STRICT_OBJC_MSGSEND = YES;
				GCC_C_LANGUAGE_STANDARD = gnu99;
				GCC_WARN_64_TO_32_BIT_CONVERSION = YES;
				GCC_WARN_ABOUT_RETURN_TYPE = YES_ERROR;
				GCC_WARN_UNDECLARED_SELECTOR = YES;
				GCC_WARN_UNINITIALIZED_AUTOS = YES_AGGRESSIVE;
				GCC_WARN_UNUSED_FUNCTION = YES;
				GCC_WARN_UNUSED_VARIABLE = YES;
				IPHONEOS_DEPLOYMENT_TARGET = 8.1;
				MTL_ENABLE_DEBUG_INFO = NO;
				SDKROOT = iphoneos;
				VALIDATE_PRODUCT = YES;
			};
			name = Release;
		};
		5C5238241A10723A00625920 /* Debug */ = {
			isa = XCBuildConfiguration;
			buildSettings = {
				ASSETCATALOG_COMPILER_APPICON_NAME = AppIcon;
				INFOPLIST_FILE = testSegmentedView/Info.plist;
				LD_RUNPATH_SEARCH_PATHS = "$(inherited) @executable_path/Frameworks";
				PRODUCT_NAME = "$(TARGET_NAME)";
			};
			name = Debug;
		};
		5C5238251A10723A00625920 /* Release */ = {
			isa = XCBuildConfiguration;
			buildSettings = {
				ASSETCATALOG_COMPILER_APPICON_NAME = AppIcon;
				INFOPLIST_FILE = testSegmentedView/Info.plist;
				LD_RUNPATH_SEARCH_PATHS = "$(inherited) @executable_path/Frameworks";
				PRODUCT_NAME = "$(TARGET_NAME)";
			};
			name = Release;
		};
		5C5238271A10723A00625920 /* Debug */ = {
			isa = XCBuildConfiguration;
			buildSettings = {
				BUNDLE_LOADER = "$(TEST_HOST)";
				FRAMEWORK_SEARCH_PATHS = (
					"$(SDKROOT)/Developer/Library/Frameworks",
					"$(inherited)",
				);
				GCC_PREPROCESSOR_DEFINITIONS = (
					"DEBUG=1",
					"$(inherited)",
				);
				INFOPLIST_FILE = testSegmentedViewTests/Info.plist;
				LD_RUNPATH_SEARCH_PATHS = "$(inherited) @executable_path/Frameworks @loader_path/Frameworks";
				PRODUCT_NAME = "$(TARGET_NAME)";
				TEST_HOST = "$(BUILT_PRODUCTS_DIR)/testSegmentedView.app/testSegmentedView";
			};
			name = Debug;
		};
		5C5238281A10723A00625920 /* Release */ = {
			isa = XCBuildConfiguration;
			buildSettings = {
				BUNDLE_LOADER = "$(TEST_HOST)";
				FRAMEWORK_SEARCH_PATHS = (
					"$(SDKROOT)/Developer/Library/Frameworks",
					"$(inherited)",
				);
				INFOPLIST_FILE = testSegmentedViewTests/Info.plist;
				LD_RUNPATH_SEARCH_PATHS = "$(inherited) @executable_path/Frameworks @loader_path/Frameworks";
				PRODUCT_NAME = "$(TARGET_NAME)";
				TEST_HOST = "$(BUILT_PRODUCTS_DIR)/testSegmentedView.app/testSegmentedView";
			};
			name = Release;
		};
/* End XCBuildConfiguration section */

/* Begin XCConfigurationList section */
		5C5237FF1A10723A00625920 /* Build configuration list for PBXProject "testSegmentedView" */ = {
			isa = XCConfigurationList;
			buildConfigurations = (
				5C5238211A10723A00625920 /* Debug */,
				5C5238221A10723A00625920 /* Release */,
			);
			defaultConfigurationIsVisible = 0;
			defaultConfigurationName = Release;
		};
		5C5238231A10723A00625920 /* Build configuration list for PBXNativeTarget "testSegmentedView" */ = {
			isa = XCConfigurationList;
			buildConfigurations = (
				5C5238241A10723A00625920 /* Debug */,
				5C5238251A10723A00625920 /* Release */,
			);
			defaultConfigurationIsVisible = 0;
		};
		5C5238261A10723A00625920 /* Build configuration list for PBXNativeTarget "testSegmentedViewTests" */ = {
			isa = XCConfigurationList;
			buildConfigurations = (
				5C5238271A10723A00625920 /* Debug */,
				5C5238281A10723A00625920 /* Release */,
			);
			defaultConfigurationIsVisible = 0;
		};
/* End XCConfigurationList section */
	};
	rootObject = 5C5237FC1A10723A00625920 /* Project object */;
}
